// !$*UTF8*$!
{
	archiveVersion = 1;
	classes = {
	};
	objectVersion = 50;
	objects = {

/* Begin PBXBuildFile section */
		ED8651C820BC6AF00048804F /* AppDelegate.swift in Sources */ = {isa = PBXBuildFile; fileRef = ED8651C720BC6AF00048804F /* AppDelegate.swift */; };
		ED8651CB20BC6AF00048804F /* CourseworkManager.xcdatamodeld in Sources */ = {isa = PBXBuildFile; fileRef = ED8651C920BC6AF00048804F /* CourseworkManager.xcdatamodeld */; };
		ED8651CD20BC6AF00048804F /* MasterViewController.swift in Sources */ = {isa = PBXBuildFile; fileRef = ED8651CC20BC6AF00048804F /* MasterViewController.swift */; };
		ED8651CF20BC6AF00048804F /* DetailViewController.swift in Sources */ = {isa = PBXBuildFile; fileRef = ED8651CE20BC6AF00048804F /* DetailViewController.swift */; };
		ED8651D220BC6AF00048804F /* Main.storyboard in Resources */ = {isa = PBXBuildFile; fileRef = ED8651D020BC6AF00048804F /* Main.storyboard */; };
		ED8651D420BC6AFF0048804F /* Assets.xcassets in Resources */ = {isa = PBXBuildFile; fileRef = ED8651D320BC6AFF0048804F /* Assets.xcassets */; };
		ED8651D720BC6AFF0048804F /* LaunchScreen.storyboard in Resources */ = {isa = PBXBuildFile; fileRef = ED8651D520BC6AFF0048804F /* LaunchScreen.storyboard */; };
/* End PBXBuildFile section */

/* Begin PBXFileReference section */
		ED8651C420BC6AF00048804F /* CourseworkManager.app */ = {isa = PBXFileReference; explicitFileType = wrapper.application; includeInIndex = 0; path = CourseworkManager.app; sourceTree = BUILT_PRODUCTS_DIR; };
		ED8651C720BC6AF00048804F /* AppDelegate.swift */ = {isa = PBXFileReference; lastKnownFileType = sourcecode.swift; path = AppDelegate.swift; sourceTree = "<group>"; };
		ED8651CA20BC6AF00048804F /* CourseworkManager.xcdatamodel */ = {isa = PBXFileReference; lastKnownFileType = wrapper.xcdatamodel; path = CourseworkManager.xcdatamodel; sourceTree = "<group>"; };
		ED8651CC20BC6AF00048804F /* MasterViewController.swift */ = {isa = PBXFileReference; lastKnownFileType = sourcecode.swift; path = MasterViewController.swift; sourceTree = "<group>"; };
		ED8651CE20BC6AF00048804F /* DetailViewController.swift */ = {isa = PBXFileReference; lastKnownFileType = sourcecode.swift; path = DetailViewController.swift; sourceTree = "<group>"; };
		ED8651D120BC6AF00048804F /* Base */ = {isa = PBXFileReference; lastKnownFileType = file.storyboard; name = Base; path = Base.lproj/Main.storyboard; sourceTree = "<group>"; };
		ED8651D320BC6AFF0048804F /* Assets.xcassets */ = {isa = PBXFileReference; lastKnownFileType = folder.assetcatalog; path = Assets.xcassets; sourceTree = "<group>"; };
		ED8651D620BC6AFF0048804F /* Base */ = {isa = PBXFileReference; lastKnownFileType = file.storyboard; name = Base; path = Base.lproj/LaunchScreen.storyboard; sourceTree = "<group>"; };
		ED8651D820BC6AFF0048804F /* Info.plist */ = {isa = PBXFileReference; lastKnownFileType = text.plist.xml; path = Info.plist; sourceTree = "<group>"; };
/* End PBXFileReference section */

/* Begin PBXFrameworksBuildPhase section */
		ED8651C120BC6AF00048804F /* Frameworks */ = {
			isa = PBXFrameworksBuildPhase;
			buildActionMask = 2147483647;
			files = (
			);
			runOnlyForDeploymentPostprocessing = 0;
		};
/* End PBXFrameworksBuildPhase section */

/* Begin PBXGroup section */
		ED8651BB20BC6AF00048804F = {
			isa = PBXGroup;
			children = (
				ED8651C620BC6AF00048804F /* CourseworkManager */,
				ED8651C520BC6AF00048804F /* Products */,
			);
			sourceTree = "<group>";
		};
		ED8651C520BC6AF00048804F /* Products */ = {
			isa = PBXGroup;
			children = (
				ED8651C420BC6AF00048804F /* CourseworkManager.app */,
			);
			name = Products;
			sourceTree = "<group>";
		};
		ED8651C620BC6AF00048804F /* CourseworkManager */ = {
			isa = PBXGroup;
			children = (
				ED8651C720BC6AF00048804F /* AppDelegate.swift */,
				ED8651CC20BC6AF00048804F /* MasterViewController.swift */,
				ED8651CE20BC6AF00048804F /* DetailViewController.swift */,
				ED8651D020BC6AF00048804F /* Main.storyboard */,
				ED8651D320BC6AFF0048804F /* Assets.xcassets */,
				ED8651D520BC6AFF0048804F /* LaunchScreen.storyboard */,
				ED8651D820BC6AFF0048804F /* Info.plist */,
				ED8651C920BC6AF00048804F /* CourseworkManager.xcdatamodeld */,
			);
			path = CourseworkManager;
			sourceTree = "<group>";
		};
/* End PBXGroup section */

/* Begin PBXNativeTarget section */
		ED8651C320BC6AF00048804F /* CourseworkManager */ = {
			isa = PBXNativeTarget;
			buildConfigurationList = ED8651DB20BC6AFF0048804F /* Build configuration list for PBXNativeTarget "CourseworkManager" */;
			buildPhases = (
				ED8651C020BC6AF00048804F /* Sources */,
				ED8651C120BC6AF00048804F /* Frameworks */,
				ED8651C220BC6AF00048804F /* Resources */,
			);
			buildRules = (
			);
			dependencies = (
			);
			name = CourseworkManager;
			productName = CourseworkManager;
			productReference = ED8651C420BC6AF00048804F /* CourseworkManager.app */;
			productType = "com.apple.product-type.application";
		};
/* End PBXNativeTarget section */

/* Begin PBXProject section */
		ED8651BC20BC6AF00048804F /* Project object */ = {
			isa = PBXProject;
			attributes = {
				LastSwiftUpdateCheck = 0930;
				LastUpgradeCheck = 0930;
				ORGANIZATIONNAME = "Fazale Khurshid";
				TargetAttributes = {
					ED8651C320BC6AF00048804F = {
						CreatedOnToolsVersion = 9.3;
					};
				};
			};
			buildConfigurationList = ED8651BF20BC6AF00048804F /* Build configuration list for PBXProject "CourseworkManager" */;
			compatibilityVersion = "Xcode 9.3";
			developmentRegion = en;
			hasScannedForEncodings = 0;
			knownRegions = (
				en,
				Base,
			);
			mainGroup = ED8651BB20BC6AF00048804F;
			productRefGroup = ED8651C520BC6AF00048804F /* Products */;
			projectDirPath = "";
			projectRoot = "";
			targets = (
				ED8651C320BC6AF00048804F /* CourseworkManager */,
			);
		};
/* End PBXProject section */

/* Begin PBXResourcesBuildPhase section */
		ED8651C220BC6AF00048804F /* Resources */ = {
			isa = PBXResourcesBuildPhase;
			buildActionMask = 2147483647;
			files = (
				ED8651D720BC6AFF0048804F /* LaunchScreen.storyboard in Resources */,
				ED8651D420BC6AFF0048804F /* Assets.xcassets in Resources */,
				ED8651D220BC6AF00048804F /* Main.storyboard in Resources */,
			);
			runOnlyForDeploymentPostprocessing = 0;
		};
/* End PBXResourcesBuildPhase section */

/* Begin PBXSourcesBuildPhase section */
		ED8651C020BC6AF00048804F /* Sources */ = {
			isa = PBXSourcesBuildPhase;
			buildActionMask = 2147483647;
			files = (
				ED8651C820BC6AF00048804F /* AppDelegate.swift in Sources */,
				ED8651CB20BC6AF00048804F /* CourseworkManager.xcdatamodeld in Sources */,
				ED8651CD20BC6AF00048804F /* MasterViewController.swift in Sources */,
				ED8651CF20BC6AF00048804F /* DetailViewController.swift in Sources */,
			);
			runOnlyForDeploymentPostprocessing = 0;
		};
/* End PBXSourcesBuildPhase section */

/* Begin PBXVariantGroup section */
		ED8651D020BC6AF00048804F /* Main.storyboard */ = {
			isa = PBXVariantGroup;
			children = (
				ED8651D120BC6AF00048804F /* Base */,
			);
			name = Main.storyboard;
			sourceTree = "<group>";
		};
		ED8651D520BC6AFF0048804F /* LaunchScreen.storyboard */ = {
			isa = PBXVariantGroup;
			children = (
				ED8651D620BC6AFF0048804F /* Base */,
			);
			name = LaunchScreen.storyboard;
			sourceTree = "<group>";
		};
/* End PBXVariantGroup section */

/* Begin XCBuildConfiguration section */
		ED8651D920BC6AFF0048804F /* Debug */ = {
			isa = XCBuildConfiguration;
			buildSettings = {
				ALWAYS_SEARCH_USER_PATHS = NO;
				CLANG_ANALYZER_NONNULL = YES;
				CLANG_ANALYZER_NUMBER_OBJECT_CONVERSION = YES_AGGRESSIVE;
				CLANG_CXX_LANGUAGE_STANDARD = "gnu++14";
				CLANG_CXX_LIBRARY = "libc++";
				CLANG_ENABLE_MODULES = YES;
				CLANG_ENABLE_OBJC_ARC = YES;
				CLANG_ENABLE_OBJC_WEAK = YES;
				CLANG_WARN_BLOCK_CAPTURE_AUTORELEASING = YES;
				CLANG_WARN_BOOL_CONVERSION = YES;
				CLANG_WARN_COMMA = YES;
				CLANG_WARN_CONSTANT_CONVERSION = YES;
				CLANG_WARN_DEPRECATED_OBJC_IMPLEMENTATIONS = YES;
				CLANG_WARN_DIRECT_OBJC_ISA_USAGE = YES_ERROR;
				CLANG_WARN_DOCUMENTATION_COMMENTS = YES;
				CLANG_WARN_EMPTY_BODY = YES;
				CLANG_WARN_ENUM_CONVERSION = YES;
				CLANG_WARN_INFINITE_RECURSION = YES;
				CLANG_WARN_INT_CONVERSION = YES;
				CLANG_WARN_NON_LITERAL_NULL_CONVERSION = YES;
				CLANG_WARN_OBJC_IMPLICIT_RETAIN_SELF = YES;
				CLANG_WARN_OBJC_LITERAL_CONVERSION = YES;
				CLANG_WARN_OBJC_ROOT_CLASS = YES_ERROR;
				CLANG_WARN_RANGE_LOOP_ANALYSIS = YES;
				CLANG_WARN_STRICT_PROTOTYPES = YES;
				CLANG_WARN_SUSPICIOUS_MOVE = YES;
				CLANG_WARN_UNGUARDED_AVAILABILITY = YES_AGGRESSIVE;
				CLANG_WARN_UNREACHABLE_CODE = YES;
				CLANG_WARN__DUPLICATE_METHOD_MATCH = YES;
				CODE_SIGN_IDENTITY = "iPhone Developer";
				COPY_PHASE_STRIP = NO;
				DEBUG_INFORMATION_FORMAT = dwarf;
				ENABLE_STRICT_OBJC_MSGSEND = YES;
				ENABLE_TESTABILITY = YES;
				GCC_C_LANGUAGE_STANDARD = gnu11;
				GCC_DYNAMIC_NO_PIC = NO;
				GCC_NO_COMMON_BLOCKS = YES;
				GCC_OPTIMIZATION_LEVEL = 0;
				GCC_PREPROCESSOR_DEFINITIONS = (
					"DEBUG=1",
					"$(inherited)",
				);
				GCC_WARN_64_TO_32_BIT_CONVERSION = YES;
				GCC_WARN_ABOUT_RETURN_TYPE = YES_ERROR;
				GCC_WARN_UNDECLARED_SELECTOR = YES;
				GCC_WARN_UNINITIALIZED_AUTOS = YES_AGGRESSIVE;
				GCC_WARN_UNUSED_FUNCTION = YES;
				GCC_WARN_UNUSED_VARIABLE = YES;
				IPHONEOS_DEPLOYMENT_TARGET = 11.3;
				MTL_ENABLE_DEBUG_INFO = YES;
				ONLY_ACTIVE_ARCH = YES;
				SDKROOT = iphoneos;
				SWIFT_ACTIVE_COMPILATION_CONDITIONS = DEBUG;
				SWIFT_OPTIMIZATION_LEVEL = "-Onone";
			};
			name = Debug;
		};
		ED8651DA20BC6AFF0048804F /* Release */ = {
			isa = XCBuildConfiguration;
			buildSettings = {
				ALWAYS_SEARCH_USER_PATHS = NO;
				CLANG_ANALYZER_NONNULL = YES;
				CLANG_ANALYZER_NUMBER_OBJECT_CONVERSION = YES_AGGRESSIVE;
				CLANG_CXX_LANGUAGE_STANDARD = "gnu++14";
				CLANG_CXX_LIBRARY = "libc++";
				CLANG_ENABLE_MODULES = YES;
				CLANG_ENABLE_OBJC_ARC = YES;
				CLANG_ENABLE_OBJC_WEAK = YES;
				CLANG_WARN_BLOCK_CAPTURE_AUTORELEASING = YES;
				CLANG_WARN_BOOL_CONVERSION = YES;
				CLANG_WARN_COMMA = YES;
				CLANG_WARN_CONSTANT_CONVERSION = YES;
				CLANG_WARN_DEPRECATED_OBJC_IMPLEMENTATIONS = YES;
				CLANG_WARN_DIRECT_OBJC_ISA_USAGE = YES_ERROR;
				CLANG_WARN_DOCUMENTATION_COMMENTS = YES;
				CLANG_WARN_EMPTY_BODY = YES;
				CLANG_WARN_ENUM_CONVERSION = YES;
				CLANG_WARN_INFINITE_RECURSION = YES;
				CLANG_WARN_INT_CONVERSION = YES;
				CLANG_WARN_NON_LITERAL_NULL_CONVERSION = YES;
				CLANG_WARN_OBJC_IMPLICIT_RETAIN_SELF = YES;
				CLANG_WARN_OBJC_LITERAL_CONVERSION = YES;
				CLANG_WARN_OBJC_ROOT_CLASS = YES_ERROR;
				CLANG_WARN_RANGE_LOOP_ANALYSIS = YES;
				CLANG_WARN_STRICT_PROTOTYPES = YES;
				CLANG_WARN_SUSPICIOUS_MOVE = YES;
				CLANG_WARN_UNGUARDED_AVAILABILITY = YES_AGGRESSIVE;
				CLANG_WARN_UNREACHABLE_CODE = YES;
				CLANG_WARN__DUPLICATE_METHOD_MATCH = YES;
				CODE_SIGN_IDENTITY = "iPhone Developer";
				COPY_PHASE_STRIP = NO;
				DEBUG_INFORMATION_FORMAT = "dwarf-with-dsym";
				ENABLE_NS_ASSERTIONS = NO;
				ENABLE_STRICT_OBJC_MSGSEND = YES;
				GCC_C_LANGUAGE_STANDARD = gnu11;
				GCC_NO_COMMON_BLOCKS = YES;
				GCC_WARN_64_TO_32_BIT_CONVERSION = YES;
				GCC_WARN_ABOUT_RETURN_TYPE = YES_ERROR;
				GCC_WARN_UNDECLARED_SELECTOR = YES;
				GCC_WARN_UNINITIALIZED_AUTOS = YES_AGGRESSIVE;
				GCC_WARN_UNUSED_FUNCTION = YES;
				GCC_WARN_UNUSED_VARIABLE = YES;
				IPHONEOS_DEPLOYMENT_TARGET = 11.3;
				MTL_ENABLE_DEBUG_INFO = NO;
				SDKROOT = iphoneos;
				SWIFT_COMPILATION_MODE = wholemodule;
				SWIFT_OPTIMIZATION_LEVEL = "-O";
				VALIDATE_PRODUCT = YES;
			};
			name = Release;
		};
		ED8651DC20BC6AFF0048804F /* Debug */ = {
			isa = XCBuildConfiguration;
			buildSettings = {
				ASSETCATALOG_COMPILER_APPICON_NAME = AppIcon;
				CODE_SIGN_STYLE = Automatic;
				DEVELOPMENT_TEAM = 7TG7TG59KH;
				INFOPLIST_FILE = CourseworkManager/Info.plist;
				LD_RUNPATH_SEARCH_PATHS = (
					"$(inherited)",
					"@executable_path/Frameworks",
				);
				PRODUCT_BUNDLE_IDENTIFIER = FazzLtd.CourseworkManager;
				PRODUCT_NAME = "$(TARGET_NAME)";
				SWIFT_VERSION = 4.0;
				TARGETED_DEVICE_FAMILY = "1,2";
			};
			name = Debug;
		};
		ED8651DD20BC6AFF0048804F /* Release */ = {
			isa = XCBuildConfiguration;
			buildSettings = {
				ASSETCATALOG_COMPILER_APPICON_NAME = AppIcon;
				CODE_SIGN_STYLE = Automatic;
				DEVELOPMENT_TEAM = 7TG7TG59KH;
				INFOPLIST_FILE = CourseworkManager/Info.plist;
				LD_RUNPATH_SEARCH_PATHS = (
					"$(inherited)",
					"@executable_path/Frameworks",
				);
				PRODUCT_BUNDLE_IDENTIFIER = FazzLtd.CourseworkManager;
				PRODUCT_NAME = "$(TARGET_NAME)";
				SWIFT_VERSION = 4.0;
				TARGETED_DEVICE_FAMILY = "1,2";
			};
			name = Release;
		};
/* End XCBuildConfiguration section */

/* Begin XCConfigurationList section */
		ED8651BF20BC6AF00048804F /* Build configuration list for PBXProject "CourseworkManager" */ = {
			isa = XCConfigurationList;
			buildConfigurations = (
				ED8651D920BC6AFF0048804F /* Debug */,
				ED8651DA20BC6AFF0048804F /* Release */,
			);
			defaultConfigurationIsVisible = 0;
			defaultConfigurationName = Release;
		};
		ED8651DB20BC6AFF0048804F /* Build configuration list for PBXNativeTarget "CourseworkManager" */ = {
			isa = XCConfigurationList;
			buildConfigurations = (
				ED8651DC20BC6AFF0048804F /* Debug */,
				ED8651DD20BC6AFF0048804F /* Release */,
			);
			defaultConfigurationIsVisible = 0;
			defaultConfigurationName = Release;
		};
/* End XCConfigurationList section */

/* Begin XCVersionGroup section */
		ED8651C920BC6AF00048804F /* CourseworkManager.xcdatamodeld */ = {
			isa = XCVersionGroup;
			children = (
				ED8651CA20BC6AF00048804F /* CourseworkManager.xcdatamodel */,
			);
			currentVersion = ED8651CA20BC6AF00048804F /* CourseworkManager.xcdatamodel */;
			path = CourseworkManager.xcdatamodeld;
			sourceTree = "<group>";
			versionGroupType = wrapper.xcdatamodel;
		};
/* End XCVersionGroup section */
	};
	rootObject = ED8651BC20BC6AF00048804F /* Project object */;
}
